
Microsoft Visual Studio Solution File, Format Version 12.00
# Visual Studio Version 16
VisualStudioVersion = 16.0.29519.87
MinimumVisualStudioVersion = 10.0.40219.1
Project("{8BC9CEB8-8B4A-11D0-8D11-00A0C91BC942}") = "SqliteImgDocTest", "ConsoleApplication1\ConsoleApplication1.vcxproj", "{8732355F-542E-4A60-BE70-1CC96A61DF85}"
	ProjectSection(ProjectDependencies) = postProject
		{9879175A-6DDE-4281-A03D-339EF867D6FB} = {9879175A-6DDE-4281-A03D-339EF867D6FB}
	EndProjectSection
EndProject
Project("{8BC9CEB8-8B4A-11D0-8D11-00A0C91BC942}") = "SqliteImgDoc", "SqliteImgDoc\SqliteImgDoc.vcxproj", "{9879175A-6DDE-4281-A03D-339EF867D6FB}"
EndProject
Global
	GlobalSection(SolutionConfigurationPlatforms) = preSolution
		Debug|x64 = Debug|x64
		Debug|x86 = Debug|x86
		Release|x64 = Release|x64
		Release|x86 = Release|x86
	EndGlobalSection
	GlobalSection(ProjectConfigurationPlatforms) = postSolution
		{8732355F-542E-4A60-BE70-1CC96A61DF85}.Debug|x64.ActiveCfg = Debug|x64
		{8732355F-542E-4A60-BE70-1CC96A61DF85}.Debug|x64.Build.0 = Debug|x64
		{8732355F-542E-4A60-BE70-1CC96A61DF85}.Debug|x86.ActiveCfg = Debug|Win32
		{8732355F-542E-4A60-BE70-1CC96A61DF85}.Debug|x86.Build.0 = Debug|Win32
		{8732355F-542E-4A60-BE70-1CC96A61DF85}.Release|x64.ActiveCfg = Release|x64
		{8732355F-542E-4A60-BE70-1CC96A61DF85}.Release|x64.Build.0 = Release|x64
		{8732355F-542E-4A60-BE70-1CC96A61DF85}.Release|x86.ActiveCfg = Release|Win32
		{8732355F-542E-4A60-BE70-1CC96A61DF85}.Release|x86.Build.0 = Release|Win32
		{9879175A-6DDE-4281-A03D-339EF867D6FB}.Debug|x64.ActiveCfg = Debug|x64
		{9879175A-6DDE-4281-A03D-339EF867D6FB}.Debug|x64.Build.0 = Debug|x64
		{9879175A-6DDE-4281-A03D-339EF867D6FB}.Debug|x86.ActiveCfg = Debug|Win32
		{9879175A-6DDE-4281-A03D-339EF867D6FB}.Debug|x86.Build.0 = Debug|Win32
		{9879175A-6DDE-4281-A03D-339EF867D6FB}.Release|x64.ActiveCfg = Release|x64
		{9879175A-6DDE-4281-A03D-339EF867D6FB}.Release|x64.Build.0 = Release|x64
		{9879175A-6DDE-4281-A03D-339EF867D6FB}.Release|x86.ActiveCfg = Release|Win32
		{9879175A-6DDE-4281-A03D-339EF867D6FB}.Release|x86.Build.0 = Release|Win32
	EndGlobalSection
	GlobalSection(SolutionProperties) = preSolution
		HideSolutionNode = FALSE
	EndGlobalSection
	GlobalSection(ExtensibilityGlobals) = postSolution
		SolutionGuid = {91FBEDF5-2E9C-4A97-A228-9E527806B98B}
	EndGlobalSection
EndGlobal
